// !$*UTF8*$!
{
	archiveVersion = 1;
	classes = {
	};
	objectVersion = 46;
	objects = {

/* Begin PBXBuildFile section */
		6E9A130D9F5627F4470BE9B9 /* Pods_defaults_CambrianDemo.framework in Frameworks */ = {isa = PBXBuildFile; fileRef = 8642DEC4435024A645573C49 /* Pods_defaults_CambrianDemo.framework */; };
		6F8C9E7B1EAA7DC10095F740 /* LowerLandingButton.swift in Sources */ = {isa = PBXBuildFile; fileRef = 6F3D0C291EAA6A7B000C831C /* LowerLandingButton.swift */; };
		7C01E02D1EA515BC0042410B /* AssetsViewController.swift in Sources */ = {isa = PBXBuildFile; fileRef = 7C01E02B1EA515BC0042410B /* AssetsViewController.swift */; };
		7C3218B41E858C0000BC7D5D /* DataController.swift in Sources */ = {isa = PBXBuildFile; fileRef = E7C7BFA41D077A3800B8765F /* DataController.swift */; };
		7C3218B51E858C0000BC7D5D /* DetailsCollectionView.swift in Sources */ = {isa = PBXBuildFile; fileRef = E730C4221D38153C001D6C0B /* DetailsCollectionView.swift */; };
		7C3218B71E858C0000BC7D5D /* SelectorWheelRing.swift in Sources */ = {isa = PBXBuildFile; fileRef = E7A1B44E1D315E2800D6F9B8 /* SelectorWheelRing.swift */; };
		7C3218B81E858C0000BC7D5D /* ARViewController.swift in Sources */ = {isa = PBXBuildFile; fileRef = E79489E81D023714006FA93A /* ARViewController.swift */; };
		7C3218B91E858C0000BC7D5D /* BrandCategory.swift in Sources */ = {isa = PBXBuildFile; fileRef = E7C7BF8F1D076A5400B8765F /* BrandCategory.swift */; };
		7C3218BB1E858C0000BC7D5D /* BrandItem.swift in Sources */ = {isa = PBXBuildFile; fileRef = E7FA47461E09E54E0072C280 /* BrandItem.swift */; };
		7C3218BC1E858C0000BC7D5D /* UserPreferences.swift in Sources */ = {isa = PBXBuildFile; fileRef = E7456ACB1D52789E00778215 /* UserPreferences.swift */; };
		7C3218BE1E858C0000BC7D5D /* VisualizerImage.swift in Sources */ = {isa = PBXBuildFile; fileRef = 7C46B5E61E7207E9003FEA8D /* VisualizerImage.swift */; };
		7C3218C01E858C0000BC7D5D /* Drawable.swift in Sources */ = {isa = PBXBuildFile; fileRef = E7FA47471E09E54E0072C280 /* Drawable.swift */; };
		7C3218C11E858C0000BC7D5D /* ImageRenderer.swift in Sources */ = {isa = PBXBuildFile; fileRef = E7456AC91D52789E00778215 /* ImageRenderer.swift */; };
		7C3218C41E858C0000BC7D5D /* SelectorWheelRingCell.swift in Sources */ = {isa = PBXBuildFile; fileRef = E73DB69F1D188E7B00229B33 /* SelectorWheelRingCell.swift */; };
		7C3218C51E858C0000BC7D5D /* VisualizerProject.swift in Sources */ = {isa = PBXBuildFile; fileRef = E7C7BF881D075BF000B8765F /* VisualizerProject.swift */; };
		7C3218C81E858C0000BC7D5D /* ProjectImageBeforeAfterView.swift in Sources */ = {isa = PBXBuildFile; fileRef = E769E4C61D42AEA000AD70C9 /* ProjectImageBeforeAfterView.swift */; };
		7C3218CA1E858C0000BC7D5D /* BrandItem_Extended.swift in Sources */ = {isa = PBXBuildFile; fileRef = E7FA47451E09E54E0072C280 /* BrandItem_Extended.swift */; };
		7C3218CC1E858C0000BC7D5D /* ProjectProperties.swift in Sources */ = {isa = PBXBuildFile; fileRef = E7456ACA1D52789E00778215 /* ProjectProperties.swift */; };
		7C3218CE1E858C0000BC7D5D /* SelectorWheel.swift in Sources */ = {isa = PBXBuildFile; fileRef = E797349B1D1B486800DEFA90 /* SelectorWheel.swift */; };
		7C3218CF1E858C0000BC7D5D /* BorderedImage.swift in Sources */ = {isa = PBXBuildFile; fileRef = E7C233E11D466105007280E2 /* BorderedImage.swift */; };
		7C3218D21E858C0000BC7D5D /* AppDelegate.swift in Sources */ = {isa = PBXBuildFile; fileRef = E79489D51D02368A006FA93A /* AppDelegate.swift */; };
		7C3218D31E858C0000BC7D5D /* LandingPageButton.swift in Sources */ = {isa = PBXBuildFile; fileRef = E767AE4E1D41497C007A6C20 /* LandingPageButton.swift */; };
		7C3218D51E858C0000BC7D5D /* BrandCategory_Extended.swift in Sources */ = {isa = PBXBuildFile; fileRef = E7FA47441E09E54E0072C280 /* BrandCategory_Extended.swift */; };
		7C3218D61E858C0000BC7D5D /* ProjectImageCollection.swift in Sources */ = {isa = PBXBuildFile; fileRef = E769E4A71D41C1E200AD70C9 /* ProjectImageCollection.swift */; };
		7C3218D71E858C0000BC7D5D /* AlphaTouchableView.swift in Sources */ = {isa = PBXBuildFile; fileRef = E7517A8E1D79DB4B00A18858 /* AlphaTouchableView.swift */; };
		7C3218D91E858C0000BC7D5D /* LandingViewController.swift in Sources */ = {isa = PBXBuildFile; fileRef = E79489EB1D023714006FA93A /* LandingViewController.swift */; };
		7C3218DA1E858C0000BC7D5D /* ProjectDetailsViewController.swift in Sources */ = {isa = PBXBuildFile; fileRef = E769E4981D41945B00AD70C9 /* ProjectDetailsViewController.swift */; };
		7C3218DC1E858C0000BC7D5D /* RoundButton.swift in Sources */ = {isa = PBXBuildFile; fileRef = 7C1FA2AD1E7708D0007E2DB1 /* RoundButton.swift */; };
		7C3218DD1E858C0000BC7D5D /* ImageManager.swift in Sources */ = {isa = PBXBuildFile; fileRef = E7456AC81D52789E00778215 /* ImageManager.swift */; };
		7C3218DE1E858C0000BC7D5D /* BottomColorSheet.swift in Sources */ = {isa = PBXBuildFile; fileRef = E795010A1D640D6600903938 /* BottomColorSheet.swift */; };
		7C3218E01E858C0000BC7D5D /* CoreMotion.framework in Frameworks */ = {isa = PBXBuildFile; fileRef = E7948A5C1D02378F006FA93A /* CoreMotion.framework */; };
		7C3218E11E858C0000BC7D5D /* Photos.framework in Frameworks */ = {isa = PBXBuildFile; fileRef = E7948A5A1D02378A006FA93A /* Photos.framework */; };
		7C3218E21E858C0000BC7D5D /* ImageIO.framework in Frameworks */ = {isa = PBXBuildFile; fileRef = E7948A581D02377D006FA93A /* ImageIO.framework */; };
		7C3218E31E858C0000BC7D5D /* Accelerate.framework in Frameworks */ = {isa = PBXBuildFile; fileRef = E7948A561D023777006FA93A /* Accelerate.framework */; };
		7C3218E81E858C0000BC7D5D /* Assets-Shared.xcassets in Resources */ = {isa = PBXBuildFile; fileRef = E79489DC1D02368A006FA93A /* Assets-Shared.xcassets */; };
		7C3218FD1E8591CB00BC7D5D /* Assets-Demo.xcassets in Resources */ = {isa = PBXBuildFile; fileRef = 7C3218FC1E8591CB00BC7D5D /* Assets-Demo.xcassets */; };
		7C55E1A11EA6A83D0085CDD0 /* Asset.swift in Sources */ = {isa = PBXBuildFile; fileRef = 7C55E19F1EA6A83D0085CDD0 /* Asset.swift */; };
		7C6E91CE1EB7AB760009DB5F /* RoundImage.swift in Sources */ = {isa = PBXBuildFile; fileRef = 7C6E91CC1EB7AB760009DB5F /* RoundImage.swift */; };
		7C6E91DA1EB7C88C0009DB5F /* FloatingItemButton.swift in Sources */ = {isa = PBXBuildFile; fileRef = 7C6E91D81EB7C88C0009DB5F /* FloatingItemButton.swift */; };
		7C72D9F81E9C41FC00DE24F7 /* ColorPickCircle.swift in Sources */ = {isa = PBXBuildFile; fileRef = 7C72D9F61E9C41FC00DE24F7 /* ColorPickCircle.swift */; };
		7C86FD891E85B63A00635987 /* BottomColorSheet.storyboard in Resources */ = {isa = PBXBuildFile; fileRef = 7C86FD731E85B43B00635987 /* BottomColorSheet.storyboard */; };
		7C86FD951E85B63E00635987 /* LaunchScreen.storyboard in Resources */ = {isa = PBXBuildFile; fileRef = 7C86FD751E85B43B00635987 /* LaunchScreen.storyboard */; };
		7C86FD971E85B64800635987 /* Projects.storyboard in Resources */ = {isa = PBXBuildFile; fileRef = 7C86FD781E85B43B00635987 /* Projects.storyboard */; };
		7C8DDAE01EF3028100C8BECD /* BrandModel.realm in Resources */ = {isa = PBXBuildFile; fileRef = 7C8DDADF1EF3028100C8BECD /* BrandModel.realm */; };
		7C8DDAEA1EF3048500C8BECD /* CambrianAR.framework in Embed Frameworks */ = {isa = PBXBuildFile; fileRef = 7C8DDAE91EF3048500C8BECD /* CambrianAR.framework */; settings = {ATTRIBUTES = (CodeSignOnCopy, RemoveHeadersOnCopy, ); }; };
		7C8DDAF11EF3242000C8BECD /* CBAssets in Resources */ = {isa = PBXBuildFile; fileRef = 7C8DDAF01EF3242000C8BECD /* CBAssets */; };
		7CAFC87A1E943CF300A175A4 /* Assets-Lighting.xcassets in Resources */ = {isa = PBXBuildFile; fileRef = 6F50209E1E92C8E400393AFD /* Assets-Lighting.xcassets */; };
		7CBFB0051EA1755A00705F88 /* CustomBackButton.swift in Sources */ = {isa = PBXBuildFile; fileRef = 7CBFB0031EA1755A00705F88 /* CustomBackButton.swift */; };
		7CCD265C1EB13829000849E9 /* Constants.swift in Sources */ = {isa = PBXBuildFile; fileRef = 7CCD265A1EB13829000849E9 /* Constants.swift */; };
		7CD5FECF1EC0F9540073FB95 /* ProjectCollectionViewController.swift in Sources */ = {isa = PBXBuildFile; fileRef = 7CD5FECD1EC0F9540073FB95 /* ProjectCollectionViewController.swift */; };
		7CEBF9B01E9D2CCC00B7C999 /* Extensions.swift in Sources */ = {isa = PBXBuildFile; fileRef = 7CEBF9A51E9D2C3400B7C999 /* Extensions.swift */; };
		E710CBFB1EAD468C00791CEF /* Main.storyboard in Resources */ = {isa = PBXBuildFile; fileRef = 7C86FD761E85B43B00635987 /* Main.storyboard */; };
		E72CD6FC1EA51A7200CFD081 /* ColorFinderViewController.swift in Sources */ = {isa = PBXBuildFile; fileRef = E72CD6FA1EA51A7200CFD081 /* ColorFinderViewController.swift */; };
		E72CD7081EA51D1600CFD081 /* ColorFinder.storyboard in Resources */ = {isa = PBXBuildFile; fileRef = E72CD7061EA51D1600CFD081 /* ColorFinder.storyboard */; };
		E7B11A6C1E8C6DBF0045CCF6 /* Visualizer.storyboard in Resources */ = {isa = PBXBuildFile; fileRef = E7B11A6A1E8C6DBF0045CCF6 /* Visualizer.storyboard */; };
		E7B11A7B1E8DB5360045CCF6 /* ToolsViewController.swift in Sources */ = {isa = PBXBuildFile; fileRef = 7C56A6341E8D7C8100B2160C /* ToolsViewController.swift */; };
/* End PBXBuildFile section */

/* Begin PBXContainerItemProxy section */
		7C86FD441E85A02A00635987 /* PBXContainerItemProxy */ = {
			isa = PBXContainerItemProxy;
			containerPortal = E7D81BF51D29E57C00F18DD0 /* Pods.xcodeproj */;
			proxyType = 2;
			remoteGlobalIDString = C7B188E540DAFC5C33BB53CA2614B195;
			remoteInfo = JGProgressHUD;
		};
		7C86FD461E85A02A00635987 /* PBXContainerItemProxy */ = {
			isa = PBXContainerItemProxy;
			containerPortal = E7D81BF51D29E57C00F18DD0 /* Pods.xcodeproj */;
			proxyType = 2;
			remoteGlobalIDString = FF05D1052CAC6036FB728C7EA7BA1F51;
			remoteInfo = Kingfisher;
		};
		7C86FD4C1E85A02A00635987 /* PBXContainerItemProxy */ = {
			isa = PBXContainerItemProxy;
			containerPortal = E7D81BF51D29E57C00F18DD0 /* Pods.xcodeproj */;
			proxyType = 2;
			remoteGlobalIDString = 07F63F6BF3F6A4E2ED16DCBB2510F809;
			remoteInfo = Realm;
		};
		7C86FD4E1E85A02A00635987 /* PBXContainerItemProxy */ = {
			isa = PBXContainerItemProxy;
			containerPortal = E7D81BF51D29E57C00F18DD0 /* Pods.xcodeproj */;
			proxyType = 2;
			remoteGlobalIDString = 78F431DEACCC6D0B343AFDC0058696A4;
			remoteInfo = RealmSwift;
		};
		7CAFC8771E9402E200A175A4 /* PBXContainerItemProxy */ = {
			isa = PBXContainerItemProxy;
			containerPortal = E7D81BF51D29E57C00F18DD0 /* Pods.xcodeproj */;
			proxyType = 2;
			remoteGlobalIDString = B4B9A9A4DF382163DB54F8FB725D1F58;
			remoteInfo = "Pods-defaults-CambrianDemo";
		};
		E7BDC7231EAE5A3600667DC4 /* PBXContainerItemProxy */ = {
			isa = PBXContainerItemProxy;
			containerPortal = E7D81BF51D29E57C00F18DD0 /* Pods.xcodeproj */;
			proxyType = 1;
			remoteGlobalIDString = A074B631329283C987157CAAD79BA25B;
			remoteInfo = "Pods-defaults-CambrianDemo";
		};
/* End PBXContainerItemProxy section */

/* Begin PBXCopyFilesBuildPhase section */
		7C3218F11E858C0000BC7D5D /* Embed Frameworks */ = {
			isa = PBXCopyFilesBuildPhase;
			buildActionMask = 2147483647;
			dstPath = "";
			dstSubfolderSpec = 10;
			files = (
				7C8DDAEA1EF3048500C8BECD /* CambrianAR.framework in Embed Frameworks */,
			);
			name = "Embed Frameworks";
			runOnlyForDeploymentPostprocessing = 0;
		};
/* End PBXCopyFilesBuildPhase section */

/* Begin PBXFileReference section */
		09C510B2D9147175431D4594 /* Pods_defaults_BenjaminDemo.framework */ = {isa = PBXFileReference; explicitFileType = wrapper.framework; includeInIndex = 0; path = Pods_defaults_BenjaminDemo.framework; sourceTree = BUILT_PRODUCTS_DIR; };
		0F5D93F8BFC6B4B995080C53 /* Pods_Prestige.framework */ = {isa = PBXFileReference; explicitFileType = wrapper.framework; includeInIndex = 0; path = Pods_Prestige.framework; sourceTree = BUILT_PRODUCTS_DIR; };
		1433E980B9B83A1E432ACF13 /* Pods-defaults-ColorPic.debug.xcconfig */ = {isa = PBXFileReference; includeInIndex = 1; lastKnownFileType = text.xcconfig; name = "Pods-defaults-ColorPic.debug.xcconfig"; path = "App/Pods/Target Support Files/Pods-defaults-ColorPic/Pods-defaults-ColorPic.debug.xcconfig"; sourceTree = "<group>"; };
		1BCAC8D40987FEFBFE8477A3 /* Pods_defaults_HomeHarmony.framework */ = {isa = PBXFileReference; explicitFileType = wrapper.framework; includeInIndex = 0; path = Pods_defaults_HomeHarmony.framework; sourceTree = BUILT_PRODUCTS_DIR; };
		252B925D87132C1E29789575 /* Pods-defaults-BenjaminDemo.release.xcconfig */ = {isa = PBXFileReference; includeInIndex = 1; lastKnownFileType = text.xcconfig; name = "Pods-defaults-BenjaminDemo.release.xcconfig"; path = "App/Pods/Target Support Files/Pods-defaults-BenjaminDemo/Pods-defaults-BenjaminDemo.release.xcconfig"; sourceTree = "<group>"; };
		31423F85DEB6CE2C10C2AF73 /* Pods-defaults-ColorPic.release.xcconfig */ = {isa = PBXFileReference; includeInIndex = 1; lastKnownFileType = text.xcconfig; name = "Pods-defaults-ColorPic.release.xcconfig"; path = "App/Pods/Target Support Files/Pods-defaults-ColorPic/Pods-defaults-ColorPic.release.xcconfig"; sourceTree = "<group>"; };
		3A398C1FF84782ADA674521F /* Pods-defaults-HomeHarmony.release.xcconfig */ = {isa = PBXFileReference; includeInIndex = 1; lastKnownFileType = text.xcconfig; name = "Pods-defaults-HomeHarmony.release.xcconfig"; path = "App/Pods/Target Support Files/Pods-defaults-HomeHarmony/Pods-defaults-HomeHarmony.release.xcconfig"; sourceTree = "<group>"; };
		5FAD98F3AE6A0987CBBD9838 /* Pods-defaults-CambrianDemo.debug.xcconfig */ = {isa = PBXFileReference; includeInIndex = 1; lastKnownFileType = text.xcconfig; name = "Pods-defaults-CambrianDemo.debug.xcconfig"; path = "App/Pods/Target Support Files/Pods-defaults-CambrianDemo/Pods-defaults-CambrianDemo.debug.xcconfig"; sourceTree = "<group>"; };
		6F3D0C291EAA6A7B000C831C /* LowerLandingButton.swift */ = {isa = PBXFileReference; fileEncoding = 4; lastKnownFileType = sourcecode.swift; path = LowerLandingButton.swift; sourceTree = "<group>"; };
		6F50209E1E92C8E400393AFD /* Assets-Lighting.xcassets */ = {isa = PBXFileReference; lastKnownFileType = folder.assetcatalog; path = "Assets-Lighting.xcassets"; sourceTree = "<group>"; };
		7C01E02B1EA515BC0042410B /* AssetsViewController.swift */ = {isa = PBXFileReference; fileEncoding = 4; lastKnownFileType = sourcecode.swift; path = AssetsViewController.swift; sourceTree = "<group>"; };
		7C1FA2AD1E7708D0007E2DB1 /* RoundButton.swift */ = {isa = PBXFileReference; fileEncoding = 4; lastKnownFileType = sourcecode.swift; path = RoundButton.swift; sourceTree = "<group>"; };
		7C3218F81E858C0000BC7D5D /* CambrianDemo.app */ = {isa = PBXFileReference; explicitFileType = wrapper.application; includeInIndex = 0; path = CambrianDemo.app; sourceTree = BUILT_PRODUCTS_DIR; };
		7C3218FC1E8591CB00BC7D5D /* Assets-Demo.xcassets */ = {isa = PBXFileReference; lastKnownFileType = folder.assetcatalog; path = "Assets-Demo.xcassets"; sourceTree = "<group>"; };
		7C46B5E61E7207E9003FEA8D /* VisualizerImage.swift */ = {isa = PBXFileReference; fileEncoding = 4; lastKnownFileType = sourcecode.swift; path = VisualizerImage.swift; sourceTree = "<group>"; };
		7C55E19F1EA6A83D0085CDD0 /* Asset.swift */ = {isa = PBXFileReference; fileEncoding = 4; lastKnownFileType = sourcecode.swift; path = Asset.swift; sourceTree = "<group>"; };
		7C56A6341E8D7C8100B2160C /* ToolsViewController.swift */ = {isa = PBXFileReference; fileEncoding = 4; lastKnownFileType = sourcecode.swift; name = ToolsViewController.swift; path = ../Screens/Visualizer/ToolsViewController.swift; sourceTree = "<group>"; };
		7C6E91CC1EB7AB760009DB5F /* RoundImage.swift */ = {isa = PBXFileReference; fileEncoding = 4; lastKnownFileType = sourcecode.swift; path = RoundImage.swift; sourceTree = "<group>"; };
		7C6E91D81EB7C88C0009DB5F /* FloatingItemButton.swift */ = {isa = PBXFileReference; fileEncoding = 4; lastKnownFileType = sourcecode.swift; path = FloatingItemButton.swift; sourceTree = "<group>"; };
		7C72D9F61E9C41FC00DE24F7 /* ColorPickCircle.swift */ = {isa = PBXFileReference; fileEncoding = 4; lastKnownFileType = sourcecode.swift; path = ColorPickCircle.swift; sourceTree = "<group>"; };
		7C86FD731E85B43B00635987 /* BottomColorSheet.storyboard */ = {isa = PBXFileReference; fileEncoding = 4; lastKnownFileType = file.storyboard; name = BottomColorSheet.storyboard; path = Storyboards/BottomColorSheet.storyboard; sourceTree = "<group>"; };
		7C86FD751E85B43B00635987 /* LaunchScreen.storyboard */ = {isa = PBXFileReference; fileEncoding = 4; lastKnownFileType = file.storyboard; name = LaunchScreen.storyboard; path = Storyboards/LaunchScreen.storyboard; sourceTree = "<group>"; };
		7C86FD761E85B43B00635987 /* Main.storyboard */ = {isa = PBXFileReference; fileEncoding = 4; lastKnownFileType = file.storyboard; name = Main.storyboard; path = Storyboards/Main.storyboard; sourceTree = "<group>"; };
		7C86FD781E85B43B00635987 /* Projects.storyboard */ = {isa = PBXFileReference; fileEncoding = 4; lastKnownFileType = file.storyboard; name = Projects.storyboard; path = Storyboards/Projects.storyboard; sourceTree = "<group>"; };
		7C8DDADF1EF3028100C8BECD /* BrandModel.realm */ = {isa = PBXFileReference; lastKnownFileType = file; path = BrandModel.realm; sourceTree = "<group>"; };
		7C8DDAE91EF3048500C8BECD /* CambrianAR.framework */ = {isa = PBXFileReference; lastKnownFileType = wrapper.framework; path = CambrianAR.framework; sourceTree = "<group>"; };
		7C8DDAF01EF3242000C8BECD /* CBAssets */ = {isa = PBXFileReference; lastKnownFileType = folder; path = CBAssets; sourceTree = "<group>"; };
		7CBFB0031EA1755A00705F88 /* CustomBackButton.swift */ = {isa = PBXFileReference; fileEncoding = 4; lastKnownFileType = sourcecode.swift; path = CustomBackButton.swift; sourceTree = "<group>"; };
		7CCD265A1EB13829000849E9 /* Constants.swift */ = {isa = PBXFileReference; fileEncoding = 4; lastKnownFileType = sourcecode.swift; path = Constants.swift; sourceTree = "<group>"; };
		7CD5FECD1EC0F9540073FB95 /* ProjectCollectionViewController.swift */ = {isa = PBXFileReference; fileEncoding = 4; lastKnownFileType = sourcecode.swift; path = ProjectCollectionViewController.swift; sourceTree = "<group>"; };
		7CEBF9A51E9D2C3400B7C999 /* Extensions.swift */ = {isa = PBXFileReference; fileEncoding = 4; lastKnownFileType = sourcecode.swift; path = Extensions.swift; sourceTree = "<group>"; };
		8642DEC4435024A645573C49 /* Pods_defaults_CambrianDemo.framework */ = {isa = PBXFileReference; explicitFileType = wrapper.framework; includeInIndex = 0; path = Pods_defaults_CambrianDemo.framework; sourceTree = BUILT_PRODUCTS_DIR; };
		907753A11D752886EC58A2C0 /* Pods-defaults-BenjaminDemo.debug.xcconfig */ = {isa = PBXFileReference; includeInIndex = 1; lastKnownFileType = text.xcconfig; name = "Pods-defaults-BenjaminDemo.debug.xcconfig"; path = "App/Pods/Target Support Files/Pods-defaults-BenjaminDemo/Pods-defaults-BenjaminDemo.debug.xcconfig"; sourceTree = "<group>"; };
		926E5A1ED3F642B13796C072 /* Pods-defaults-HomeHarmony.debug.xcconfig */ = {isa = PBXFileReference; includeInIndex = 1; lastKnownFileType = text.xcconfig; name = "Pods-defaults-HomeHarmony.debug.xcconfig"; path = "App/Pods/Target Support Files/Pods-defaults-HomeHarmony/Pods-defaults-HomeHarmony.debug.xcconfig"; sourceTree = "<group>"; };
		B452ADF05AF7B8B3467E701C /* Pods-defaults-CambrianDemo.release.xcconfig */ = {isa = PBXFileReference; includeInIndex = 1; lastKnownFileType = text.xcconfig; name = "Pods-defaults-CambrianDemo.release.xcconfig"; path = "App/Pods/Target Support Files/Pods-defaults-CambrianDemo/Pods-defaults-CambrianDemo.release.xcconfig"; sourceTree = "<group>"; };
		DEACD4D36F7FA28B9B0E037F /* Pods_defaults_Cambrian_Demo.framework */ = {isa = PBXFileReference; explicitFileType = wrapper.framework; includeInIndex = 0; path = Pods_defaults_Cambrian_Demo.framework; sourceTree = BUILT_PRODUCTS_DIR; };
		E72CD6FA1EA51A7200CFD081 /* ColorFinderViewController.swift */ = {isa = PBXFileReference; fileEncoding = 4; lastKnownFileType = sourcecode.swift; path = ColorFinderViewController.swift; sourceTree = "<group>"; };
		E72CD7061EA51D1600CFD081 /* ColorFinder.storyboard */ = {isa = PBXFileReference; fileEncoding = 4; lastKnownFileType = file.storyboard; name = ColorFinder.storyboard; path = Storyboards/ColorFinder.storyboard; sourceTree = "<group>"; };
		E730C4221D38153C001D6C0B /* DetailsCollectionView.swift */ = {isa = PBXFileReference; fileEncoding = 4; lastKnownFileType = sourcecode.swift; path = DetailsCollectionView.swift; sourceTree = "<group>"; };
		E73DB69F1D188E7B00229B33 /* SelectorWheelRingCell.swift */ = {isa = PBXFileReference; fileEncoding = 4; lastKnownFileType = sourcecode.swift; name = SelectorWheelRingCell.swift; path = ../Screens/Visualizer/SelectorWheelRingCell.swift; sourceTree = "<group>"; };
		E7456AC81D52789E00778215 /* ImageManager.swift */ = {isa = PBXFileReference; fileEncoding = 4; lastKnownFileType = sourcecode.swift; path = ImageManager.swift; sourceTree = "<group>"; };
		E7456AC91D52789E00778215 /* ImageRenderer.swift */ = {isa = PBXFileReference; fileEncoding = 4; lastKnownFileType = sourcecode.swift; path = ImageRenderer.swift; sourceTree = "<group>"; };
		E7456ACA1D52789E00778215 /* ProjectProperties.swift */ = {isa = PBXFileReference; fileEncoding = 4; lastKnownFileType = sourcecode.swift; path = ProjectProperties.swift; sourceTree = "<group>"; };
		E7456ACB1D52789E00778215 /* UserPreferences.swift */ = {isa = PBXFileReference; fileEncoding = 4; lastKnownFileType = sourcecode.swift; path = UserPreferences.swift; sourceTree = "<group>"; };
		E7517A8E1D79DB4B00A18858 /* AlphaTouchableView.swift */ = {isa = PBXFileReference; fileEncoding = 4; lastKnownFileType = sourcecode.swift; path = AlphaTouchableView.swift; sourceTree = "<group>"; };
		E767AE4E1D41497C007A6C20 /* LandingPageButton.swift */ = {isa = PBXFileReference; fileEncoding = 4; lastKnownFileType = sourcecode.swift; path = LandingPageButton.swift; sourceTree = "<group>"; };
		E769E4981D41945B00AD70C9 /* ProjectDetailsViewController.swift */ = {isa = PBXFileReference; fileEncoding = 4; lastKnownFileType = sourcecode.swift; path = ProjectDetailsViewController.swift; sourceTree = "<group>"; };
		E769E4A71D41C1E200AD70C9 /* ProjectImageCollection.swift */ = {isa = PBXFileReference; fileEncoding = 4; lastKnownFileType = sourcecode.swift; name = ProjectImageCollection.swift; path = ../Controls/ProjectImageCollection.swift; sourceTree = "<group>"; };
		E769E4C61D42AEA000AD70C9 /* ProjectImageBeforeAfterView.swift */ = {isa = PBXFileReference; fileEncoding = 4; lastKnownFileType = sourcecode.swift; name = ProjectImageBeforeAfterView.swift; path = ../Controls/ProjectImageBeforeAfterView.swift; sourceTree = "<group>"; };
		E77B6B4D1EB0212200AB6E1C /* CambrianSDK-Info.plist */ = {isa = PBXFileReference; fileEncoding = 4; lastKnownFileType = text.plist.xml; path = "CambrianSDK-Info.plist"; sourceTree = "<group>"; };
		E79489D51D02368A006FA93A /* AppDelegate.swift */ = {isa = PBXFileReference; lastKnownFileType = sourcecode.swift; path = AppDelegate.swift; sourceTree = "<group>"; };
		E79489DC1D02368A006FA93A /* Assets-Shared.xcassets */ = {isa = PBXFileReference; lastKnownFileType = folder.assetcatalog; path = "Assets-Shared.xcassets"; sourceTree = "<group>"; };
		E79489E81D023714006FA93A /* ARViewController.swift */ = {isa = PBXFileReference; fileEncoding = 4; lastKnownFileType = sourcecode.swift; name = ARViewController.swift; path = ../Screens/Visualizer/ARViewController.swift; sourceTree = "<group>"; };
		E79489EB1D023714006FA93A /* LandingViewController.swift */ = {isa = PBXFileReference; fileEncoding = 4; lastKnownFileType = sourcecode.swift; path = LandingViewController.swift; sourceTree = "<group>"; };
		E7948A561D023777006FA93A /* Accelerate.framework */ = {isa = PBXFileReference; lastKnownFileType = wrapper.framework; name = Accelerate.framework; path = System/Library/Frameworks/Accelerate.framework; sourceTree = SDKROOT; };
		E7948A581D02377D006FA93A /* ImageIO.framework */ = {isa = PBXFileReference; lastKnownFileType = wrapper.framework; name = ImageIO.framework; path = System/Library/Frameworks/ImageIO.framework; sourceTree = SDKROOT; };
		E7948A5A1D02378A006FA93A /* Photos.framework */ = {isa = PBXFileReference; lastKnownFileType = wrapper.framework; name = Photos.framework; path = System/Library/Frameworks/Photos.framework; sourceTree = SDKROOT; };
		E7948A5C1D02378F006FA93A /* CoreMotion.framework */ = {isa = PBXFileReference; lastKnownFileType = wrapper.framework; name = CoreMotion.framework; path = System/Library/Frameworks/CoreMotion.framework; sourceTree = SDKROOT; };
		E795010A1D640D6600903938 /* BottomColorSheet.swift */ = {isa = PBXFileReference; fileEncoding = 4; lastKnownFileType = sourcecode.swift; path = BottomColorSheet.swift; sourceTree = "<group>"; };
		E797349B1D1B486800DEFA90 /* SelectorWheel.swift */ = {isa = PBXFileReference; fileEncoding = 4; indentWidth = 5; lastKnownFileType = sourcecode.swift; name = SelectorWheel.swift; path = ../Screens/Visualizer/SelectorWheel.swift; sourceTree = "<group>"; };
		E7A1B44E1D315E2800D6F9B8 /* SelectorWheelRing.swift */ = {isa = PBXFileReference; fileEncoding = 4; lastKnownFileType = sourcecode.swift; name = SelectorWheelRing.swift; path = ../Screens/Visualizer/SelectorWheelRing.swift; sourceTree = "<group>"; };
		E7B11A6A1E8C6DBF0045CCF6 /* Visualizer.storyboard */ = {isa = PBXFileReference; fileEncoding = 4; lastKnownFileType = file.storyboard; name = Visualizer.storyboard; path = Storyboards/Visualizer.storyboard; sourceTree = "<group>"; };
		E7C233E11D466105007280E2 /* BorderedImage.swift */ = {isa = PBXFileReference; fileEncoding = 4; lastKnownFileType = sourcecode.swift; path = BorderedImage.swift; sourceTree = "<group>"; };
		E7C7BF881D075BF000B8765F /* VisualizerProject.swift */ = {isa = PBXFileReference; fileEncoding = 4; lastKnownFileType = sourcecode.swift; path = VisualizerProject.swift; sourceTree = "<group>"; };
		E7C7BF8F1D076A5400B8765F /* BrandCategory.swift */ = {isa = PBXFileReference; fileEncoding = 4; lastKnownFileType = sourcecode.swift; path = BrandCategory.swift; sourceTree = "<group>"; };
		E7C7BFA41D077A3800B8765F /* DataController.swift */ = {isa = PBXFileReference; fileEncoding = 4; lastKnownFileType = sourcecode.swift; path = DataController.swift; sourceTree = "<group>"; };
		E7D81BF51D29E57C00F18DD0 /* Pods.xcodeproj */ = {isa = PBXFileReference; lastKnownFileType = "wrapper.pb-project"; name = Pods.xcodeproj; path = App/Pods/Pods.xcodeproj; sourceTree = "<group>"; };
		E7FA47441E09E54E0072C280 /* BrandCategory_Extended.swift */ = {isa = PBXFileReference; fileEncoding = 4; lastKnownFileType = sourcecode.swift; path = BrandCategory_Extended.swift; sourceTree = "<group>"; };
		E7FA47451E09E54E0072C280 /* BrandItem_Extended.swift */ = {isa = PBXFileReference; fileEncoding = 4; lastKnownFileType = sourcecode.swift; path = BrandItem_Extended.swift; sourceTree = "<group>"; };
		E7FA47461E09E54E0072C280 /* BrandItem.swift */ = {isa = PBXFileReference; fileEncoding = 4; lastKnownFileType = sourcecode.swift; path = BrandItem.swift; sourceTree = "<group>"; };
		E7FA47471E09E54E0072C280 /* Drawable.swift */ = {isa = PBXFileReference; fileEncoding = 4; lastKnownFileType = sourcecode.swift; path = Drawable.swift; sourceTree = "<group>"; };
		F0587E8DDC7E419335903657 /* Pods_defaults_ColorPic.framework */ = {isa = PBXFileReference; explicitFileType = wrapper.framework; includeInIndex = 0; path = Pods_defaults_ColorPic.framework; sourceTree = BUILT_PRODUCTS_DIR; };
/* End PBXFileReference section */

/* Begin PBXFrameworksBuildPhase section */
		7C3218DF1E858C0000BC7D5D /* Frameworks */ = {
			isa = PBXFrameworksBuildPhase;
			buildActionMask = 2147483647;
			files = (
				7C3218E01E858C0000BC7D5D /* CoreMotion.framework in Frameworks */,
				7C3218E11E858C0000BC7D5D /* Photos.framework in Frameworks */,
				7C3218E21E858C0000BC7D5D /* ImageIO.framework in Frameworks */,
				7C3218E31E858C0000BC7D5D /* Accelerate.framework in Frameworks */,
				6E9A130D9F5627F4470BE9B9 /* Pods_defaults_CambrianDemo.framework in Frameworks */,
			);
			runOnlyForDeploymentPostprocessing = 0;
		};
/* End PBXFrameworksBuildPhase section */

/* Begin PBXGroup section */
		5B72DC1DC36382FCBE17781F /* Pods */ = {
			isa = PBXGroup;
			children = (
				1433E980B9B83A1E432ACF13 /* Pods-defaults-ColorPic.debug.xcconfig */,
				31423F85DEB6CE2C10C2AF73 /* Pods-defaults-ColorPic.release.xcconfig */,
				5FAD98F3AE6A0987CBBD9838 /* Pods-defaults-CambrianDemo.debug.xcconfig */,
				B452ADF05AF7B8B3467E701C /* Pods-defaults-CambrianDemo.release.xcconfig */,
				926E5A1ED3F642B13796C072 /* Pods-defaults-HomeHarmony.debug.xcconfig */,
				3A398C1FF84782ADA674521F /* Pods-defaults-HomeHarmony.release.xcconfig */,
				907753A11D752886EC58A2C0 /* Pods-defaults-BenjaminDemo.debug.xcconfig */,
				252B925D87132C1E29789575 /* Pods-defaults-BenjaminDemo.release.xcconfig */,
			);
			name = Pods;
			sourceTree = "<group>";
		};
		6F118E9C1E831DA900A6BD51 /* Visualizer */ = {
			isa = PBXGroup;
			children = (
				E79489E81D023714006FA93A /* ARViewController.swift */,
				E797349B1D1B486800DEFA90 /* SelectorWheel.swift */,
				E7A1B44E1D315E2800D6F9B8 /* SelectorWheelRing.swift */,
				E73DB69F1D188E7B00229B33 /* SelectorWheelRingCell.swift */,
				7C56A6341E8D7C8100B2160C /* ToolsViewController.swift */,
				7C01E02B1EA515BC0042410B /* AssetsViewController.swift */,
			);
			name = Visualizer;
			path = ../Data;
			sourceTree = "<group>";
		};
		6F71E6871E76FD9B00964003 /* Storyboards */ = {
			isa = PBXGroup;
			children = (
				7C86FD731E85B43B00635987 /* BottomColorSheet.storyboard */,
				7C86FD751E85B43B00635987 /* LaunchScreen.storyboard */,
				7C86FD761E85B43B00635987 /* Main.storyboard */,
				E7B11A6A1E8C6DBF0045CCF6 /* Visualizer.storyboard */,
				7C86FD781E85B43B00635987 /* Projects.storyboard */,
				E72CD7061EA51D1600CFD081 /* ColorFinder.storyboard */,
			);
			name = Storyboards;
			sourceTree = "<group>";
		};
		7C86FD361E85A02900635987 /* Products */ = {
			isa = PBXGroup;
			children = (
				7C86FD451E85A02A00635987 /* JGProgressHUD.framework */,
				7C86FD471E85A02A00635987 /* Kingfisher.framework */,
				7CAFC8781E9402E200A175A4 /* Pods_defaults_CambrianDemo.framework */,
				7C86FD4D1E85A02A00635987 /* Realm.framework */,
				7C86FD4F1E85A02A00635987 /* RealmSwift.framework */,
			);
			name = Products;
			sourceTree = "<group>";
		};
		7CCD26451EB11041000849E9 /* Project Details */ = {
			isa = PBXGroup;
			children = (
				E769E4981D41945B00AD70C9 /* ProjectDetailsViewController.swift */,
				E769E4C61D42AEA000AD70C9 /* ProjectImageBeforeAfterView.swift */,
				E769E4A71D41C1E200AD70C9 /* ProjectImageCollection.swift */,
			);
			name = "Project Details";
			sourceTree = "<group>";
		};
		C353993475320D8CC61EE598 /* Frameworks */ = {
			isa = PBXGroup;
			children = (
				0F5D93F8BFC6B4B995080C53 /* Pods_Prestige.framework */,
				DEACD4D36F7FA28B9B0E037F /* Pods_defaults_Cambrian_Demo.framework */,
				F0587E8DDC7E419335903657 /* Pods_defaults_ColorPic.framework */,
				8642DEC4435024A645573C49 /* Pods_defaults_CambrianDemo.framework */,
				1BCAC8D40987FEFBFE8477A3 /* Pods_defaults_HomeHarmony.framework */,
				09C510B2D9147175431D4594 /* Pods_defaults_BenjaminDemo.framework */,
			);
			name = Frameworks;
			sourceTree = "<group>";
		};
		E7456AC71D52789E00778215 /* Utility */ = {
			isa = PBXGroup;
			children = (
				E7456AC81D52789E00778215 /* ImageManager.swift */,
				E7456AC91D52789E00778215 /* ImageRenderer.swift */,
				E7456ACA1D52789E00778215 /* ProjectProperties.swift */,
				E7456ACB1D52789E00778215 /* UserPreferences.swift */,
				7CEBF9A51E9D2C3400B7C999 /* Extensions.swift */,
				7CCD265A1EB13829000849E9 /* Constants.swift */,
			);
			path = Utility;
			sourceTree = "<group>";
		};
		E79489C91D02368A006FA93A = {
			isa = PBXGroup;
			children = (
				7C8DDAE91EF3048500C8BECD /* CambrianAR.framework */,
				E7D81BF51D29E57C00F18DD0 /* Pods.xcodeproj */,
				E7948A5C1D02378F006FA93A /* CoreMotion.framework */,
				E7948A5A1D02378A006FA93A /* Photos.framework */,
				E7948A581D02377D006FA93A /* ImageIO.framework */,
				E7948A561D023777006FA93A /* Accelerate.framework */,
				E79489D41D02368A006FA93A /* App */,
				E79489D31D02368A006FA93A /* Products */,
				5B72DC1DC36382FCBE17781F /* Pods */,
				C353993475320D8CC61EE598 /* Frameworks */,
			);
			sourceTree = "<group>";
		};
		E79489D31D02368A006FA93A /* Products */ = {
			isa = PBXGroup;
			children = (
				7C3218F81E858C0000BC7D5D /* CambrianDemo.app */,
			);
			name = Products;
			sourceTree = "<group>";
		};
		E79489D41D02368A006FA93A /* App */ = {
			isa = PBXGroup;
			children = (
				E77B6B4D1EB0212200AB6E1C /* CambrianSDK-Info.plist */,
				E7456AC71D52789E00778215 /* Utility */,
				E7C7BF871D075BF000B8765F /* Data */,
				E79489E71D023714006FA93A /* Screens */,
				E7948A0E1D023714006FA93A /* Controls */,
				6F71E6871E76FD9B00964003 /* Storyboards */,
				E79489D51D02368A006FA93A /* AppDelegate.swift */,
				E79489DC1D02368A006FA93A /* Assets-Shared.xcassets */,
				6F50209E1E92C8E400393AFD /* Assets-Lighting.xcassets */,
				7C3218FC1E8591CB00BC7D5D /* Assets-Demo.xcassets */,
			);
			path = App;
			sourceTree = "<group>";
		};
		E79489E71D023714006FA93A /* Screens */ = {
			isa = PBXGroup;
			children = (
				7CCD26451EB11041000849E9 /* Project Details */,
				6F118E9C1E831DA900A6BD51 /* Visualizer */,
				E72CD6FA1EA51A7200CFD081 /* ColorFinderViewController.swift */,
				E79489EB1D023714006FA93A /* LandingViewController.swift */,
				7CD5FECD1EC0F9540073FB95 /* ProjectCollectionViewController.swift */,
			);
			path = Screens;
			sourceTree = "<group>";
		};
		E7948A0E1D023714006FA93A /* Controls */ = {
			isa = PBXGroup;
			children = (
				E7517A8E1D79DB4B00A18858 /* AlphaTouchableView.swift */,
				E7C233E11D466105007280E2 /* BorderedImage.swift */,
				E795010A1D640D6600903938 /* BottomColorSheet.swift */,
				7C72D9F61E9C41FC00DE24F7 /* ColorPickCircle.swift */,
				7CBFB0031EA1755A00705F88 /* CustomBackButton.swift */,
				E730C4221D38153C001D6C0B /* DetailsCollectionView.swift */,
				E767AE4E1D41497C007A6C20 /* LandingPageButton.swift */,
				6F3D0C291EAA6A7B000C831C /* LowerLandingButton.swift */,
				7C1FA2AD1E7708D0007E2DB1 /* RoundButton.swift */,
				7C6E91CC1EB7AB760009DB5F /* RoundImage.swift */,
				7C6E91D81EB7C88C0009DB5F /* FloatingItemButton.swift */,
			);
			path = Controls;
			sourceTree = "<group>";
		};
		E7C7BF871D075BF000B8765F /* Data */ = {
			isa = PBXGroup;
			children = (
				7C8DDAF01EF3242000C8BECD /* CBAssets */,
				7C8DDADF1EF3028100C8BECD /* BrandModel.realm */,
				E7FA47441E09E54E0072C280 /* BrandCategory_Extended.swift */,
				E7FA47451E09E54E0072C280 /* BrandItem_Extended.swift */,
				E7FA47461E09E54E0072C280 /* BrandItem.swift */,
				E7FA47471E09E54E0072C280 /* Drawable.swift */,
				E7C7BF8F1D076A5400B8765F /* BrandCategory.swift */,
				E7C7BF881D075BF000B8765F /* VisualizerProject.swift */,
				7C46B5E61E7207E9003FEA8D /* VisualizerImage.swift */,
				E7C7BFA41D077A3800B8765F /* DataController.swift */,
				7C55E19F1EA6A83D0085CDD0 /* Asset.swift */,
			);
			path = Data;
			sourceTree = "<group>";
		};
/* End PBXGroup section */

/* Begin PBXNativeTarget section */
		7C3218AF1E858C0000BC7D5D /* CambrianDemo */ = {
			isa = PBXNativeTarget;
			buildConfigurationList = 7C3218F51E858C0000BC7D5D /* Build configuration list for PBXNativeTarget "CambrianDemo" */;
			buildPhases = (
				7C3218B21E858C0000BC7D5D /* [CP] Check Pods Manifest.lock */,
				7C3218B31E858C0000BC7D5D /* Sources */,
				7C3218DF1E858C0000BC7D5D /* Frameworks */,
				7C3218E51E858C0000BC7D5D /* Resources */,
				7C3218F11E858C0000BC7D5D /* Embed Frameworks */,
				7C3218F31E858C0000BC7D5D /* [CP] Embed Pods Frameworks */,
				7C3218F41E858C0000BC7D5D /* [CP] Copy Pods Resources */,
				7C8DDADE1EF3013C00C8BECD /* ShellScript */,
			);
			buildRules = (
			);
			dependencies = (
				E7BDC7241EAE5A3600667DC4 /* PBXTargetDependency */,
			);
			name = CambrianDemo;
			productName = Prestige;
			productReference = 7C3218F81E858C0000BC7D5D /* CambrianDemo.app */;
			productType = "com.apple.product-type.application";
		};
/* End PBXNativeTarget section */

/* Begin PBXProject section */
		E79489CA1D02368A006FA93A /* Project object */ = {
			isa = PBXProject;
			attributes = {
				LastSwiftUpdateCheck = 0730;
				LastUpgradeCheck = 0830;
				ORGANIZATIONNAME = Cambrian;
				TargetAttributes = {
					7C3218AF1E858C0000BC7D5D = {
						DevelopmentTeam = 487F34SCQ8;
					};
				};
			};
			buildConfigurationList = E79489CD1D02368A006FA93A /* Build configuration list for PBXProject "CambrianDemo" */;
			compatibilityVersion = "Xcode 3.2";
			developmentRegion = English;
			hasScannedForEncodings = 0;
			knownRegions = (
				en,
				Base,
			);
			mainGroup = E79489C91D02368A006FA93A;
			productRefGroup = E79489D31D02368A006FA93A /* Products */;
			projectDirPath = "";
			projectReferences = (
				{
					ProductGroup = 7C86FD361E85A02900635987 /* Products */;
					ProjectRef = E7D81BF51D29E57C00F18DD0 /* Pods.xcodeproj */;
				},
			);
			projectRoot = "";
			targets = (
				7C3218AF1E858C0000BC7D5D /* CambrianDemo */,
			);
		};
/* End PBXProject section */

/* Begin PBXReferenceProxy section */
		7C86FD451E85A02A00635987 /* JGProgressHUD.framework */ = {
			isa = PBXReferenceProxy;
			fileType = wrapper.framework;
			path = JGProgressHUD.framework;
			remoteRef = 7C86FD441E85A02A00635987 /* PBXContainerItemProxy */;
			sourceTree = BUILT_PRODUCTS_DIR;
		};
		7C86FD471E85A02A00635987 /* Kingfisher.framework */ = {
			isa = PBXReferenceProxy;
			fileType = wrapper.framework;
			path = Kingfisher.framework;
			remoteRef = 7C86FD461E85A02A00635987 /* PBXContainerItemProxy */;
			sourceTree = BUILT_PRODUCTS_DIR;
		};
		7C86FD4D1E85A02A00635987 /* Realm.framework */ = {
			isa = PBXReferenceProxy;
			fileType = wrapper.framework;
			path = Realm.framework;
			remoteRef = 7C86FD4C1E85A02A00635987 /* PBXContainerItemProxy */;
			sourceTree = BUILT_PRODUCTS_DIR;
		};
		7C86FD4F1E85A02A00635987 /* RealmSwift.framework */ = {
			isa = PBXReferenceProxy;
			fileType = wrapper.framework;
			path = RealmSwift.framework;
			remoteRef = 7C86FD4E1E85A02A00635987 /* PBXContainerItemProxy */;
			sourceTree = BUILT_PRODUCTS_DIR;
		};
		7CAFC8781E9402E200A175A4 /* Pods_defaults_CambrianDemo.framework */ = {
			isa = PBXReferenceProxy;
			fileType = wrapper.framework;
			path = Pods_defaults_CambrianDemo.framework;
			remoteRef = 7CAFC8771E9402E200A175A4 /* PBXContainerItemProxy */;
			sourceTree = BUILT_PRODUCTS_DIR;
		};
/* End PBXReferenceProxy section */

/* Begin PBXResourcesBuildPhase section */
		7C3218E51E858C0000BC7D5D /* Resources */ = {
			isa = PBXResourcesBuildPhase;
			buildActionMask = 2147483647;
			files = (
				7CAFC87A1E943CF300A175A4 /* Assets-Lighting.xcassets in Resources */,
				E72CD7081EA51D1600CFD081 /* ColorFinder.storyboard in Resources */,
				7C3218E81E858C0000BC7D5D /* Assets-Shared.xcassets in Resources */,
				7C86FD951E85B63E00635987 /* LaunchScreen.storyboard in Resources */,
				7C86FD971E85B64800635987 /* Projects.storyboard in Resources */,
				E710CBFB1EAD468C00791CEF /* Main.storyboard in Resources */,
				7C3218FD1E8591CB00BC7D5D /* Assets-Demo.xcassets in Resources */,
				7C86FD891E85B63A00635987 /* BottomColorSheet.storyboard in Resources */,
				7C8DDAE01EF3028100C8BECD /* BrandModel.realm in Resources */,
				7C8DDAF11EF3242000C8BECD /* CBAssets in Resources */,
				E7B11A6C1E8C6DBF0045CCF6 /* Visualizer.storyboard in Resources */,
			);
			runOnlyForDeploymentPostprocessing = 0;
		};
/* End PBXResourcesBuildPhase section */

/* Begin PBXShellScriptBuildPhase section */
		7C3218B21E858C0000BC7D5D /* [CP] Check Pods Manifest.lock */ = {
			isa = PBXShellScriptBuildPhase;
			buildActionMask = 2147483647;
			files = (
			);
			inputPaths = (
			);
			name = "[CP] Check Pods Manifest.lock";
			outputPaths = (
			);
			runOnlyForDeploymentPostprocessing = 0;
			shellPath = /bin/sh;
			shellScript = "diff \"${PODS_PODFILE_DIR_PATH}/Podfile.lock\" \"${PODS_ROOT}/Manifest.lock\" > /dev/null\nif [ $? != 0 ] ; then\n    # print error to STDERR\n    echo \"error: The sandbox is not in sync with the Podfile.lock. Run 'pod install' or update your CocoaPods installation.\" >&2\n    exit 1\nfi\n";
			showEnvVarsInLog = 0;
		};
		7C3218F31E858C0000BC7D5D /* [CP] Embed Pods Frameworks */ = {
			isa = PBXShellScriptBuildPhase;
			buildActionMask = 2147483647;
			files = (
			);
			inputPaths = (
			);
			name = "[CP] Embed Pods Frameworks";
			outputPaths = (
			);
			runOnlyForDeploymentPostprocessing = 0;
			shellPath = /bin/sh;
			shellScript = "\"${SRCROOT}/App/Pods/Target Support Files/Pods-defaults-CambrianDemo/Pods-defaults-CambrianDemo-frameworks.sh\"\n";
			showEnvVarsInLog = 0;
		};
		7C3218F41E858C0000BC7D5D /* [CP] Copy Pods Resources */ = {
			isa = PBXShellScriptBuildPhase;
			buildActionMask = 2147483647;
			files = (
			);
			inputPaths = (
			);
			name = "[CP] Copy Pods Resources";
			outputPaths = (
			);
			runOnlyForDeploymentPostprocessing = 0;
			shellPath = /bin/sh;
			shellScript = "\"${SRCROOT}/App/Pods/Target Support Files/Pods-defaults-CambrianDemo/Pods-defaults-CambrianDemo-resources.sh\"\n";
			showEnvVarsInLog = 0;
		};
		7C8DDADE1EF3013C00C8BECD /* ShellScript */ = {
			isa = PBXShellScriptBuildPhase;
			buildActionMask = 2147483647;
			files = (
			);
			inputPaths = (
			);
			outputPaths = (
			);
			runOnlyForDeploymentPostprocessing = 0;
			shellPath = /bin/sh;
			shellScript = "if [ -f \"${BUILT_PRODUCTS_DIR}/${FRAMEWORKS_FOLDER_PATH}/CambrianAR.framework/strip-frameworks.sh\" ]; then\nbash \"${BUILT_PRODUCTS_DIR}/${FRAMEWORKS_FOLDER_PATH}/CambrianAR.framework/strip-frameworks.sh\"\nfi";
		};
/* End PBXShellScriptBuildPhase section */

/* Begin PBXSourcesBuildPhase section */
		7C3218B31E858C0000BC7D5D /* Sources */ = {
			isa = PBXSourcesBuildPhase;
			buildActionMask = 2147483647;
			files = (
				7C3218B41E858C0000BC7D5D /* DataController.swift in Sources */,
				7C3218B51E858C0000BC7D5D /* DetailsCollectionView.swift in Sources */,
				7C3218B71E858C0000BC7D5D /* SelectorWheelRing.swift in Sources */,
				7C3218B81E858C0000BC7D5D /* ARViewController.swift in Sources */,
				6F8C9E7B1EAA7DC10095F740 /* LowerLandingButton.swift in Sources */,
				7C3218B91E858C0000BC7D5D /* BrandCategory.swift in Sources */,
				7C55E1A11EA6A83D0085CDD0 /* Asset.swift in Sources */,
				7C3218BB1E858C0000BC7D5D /* BrandItem.swift in Sources */,
				7C3218BC1E858C0000BC7D5D /* UserPreferences.swift in Sources */,
				7C3218BE1E858C0000BC7D5D /* VisualizerImage.swift in Sources */,
				7C3218C01E858C0000BC7D5D /* Drawable.swift in Sources */,
				7C3218C11E858C0000BC7D5D /* ImageRenderer.swift in Sources */,
				7C3218C41E858C0000BC7D5D /* SelectorWheelRingCell.swift in Sources */,
				7C3218C51E858C0000BC7D5D /* VisualizerProject.swift in Sources */,
				7C01E02D1EA515BC0042410B /* AssetsViewController.swift in Sources */,
				7C3218C81E858C0000BC7D5D /* ProjectImageBeforeAfterView.swift in Sources */,
				7C6E91DA1EB7C88C0009DB5F /* FloatingItemButton.swift in Sources */,
				7C3218CA1E858C0000BC7D5D /* BrandItem_Extended.swift in Sources */,
				7C6E91CE1EB7AB760009DB5F /* RoundImage.swift in Sources */,
				7CEBF9B01E9D2CCC00B7C999 /* Extensions.swift in Sources */,
				7C3218CC1E858C0000BC7D5D /* ProjectProperties.swift in Sources */,
				7C3218CE1E858C0000BC7D5D /* SelectorWheel.swift in Sources */,
				7C3218CF1E858C0000BC7D5D /* BorderedImage.swift in Sources */,
				7CCD265C1EB13829000849E9 /* Constants.swift in Sources */,
				E7B11A7B1E8DB5360045CCF6 /* ToolsViewController.swift in Sources */,
				7C3218D21E858C0000BC7D5D /* AppDelegate.swift in Sources */,
				E72CD6FC1EA51A7200CFD081 /* ColorFinderViewController.swift in Sources */,
				7C3218D31E858C0000BC7D5D /* LandingPageButton.swift in Sources */,
				7CD5FECF1EC0F9540073FB95 /* ProjectCollectionViewController.swift in Sources */,
				7C72D9F81E9C41FC00DE24F7 /* ColorPickCircle.swift in Sources */,
				7C3218D51E858C0000BC7D5D /* BrandCategory_Extended.swift in Sources */,
				7CBFB0051EA1755A00705F88 /* CustomBackButton.swift in Sources */,
				7C3218D61E858C0000BC7D5D /* ProjectImageCollection.swift in Sources */,
				7C3218D71E858C0000BC7D5D /* AlphaTouchableView.swift in Sources */,
				7C3218D91E858C0000BC7D5D /* LandingViewController.swift in Sources */,
				7C3218DA1E858C0000BC7D5D /* ProjectDetailsViewController.swift in Sources */,
				7C3218DC1E858C0000BC7D5D /* RoundButton.swift in Sources */,
				7C3218DD1E858C0000BC7D5D /* ImageManager.swift in Sources */,
				7C3218DE1E858C0000BC7D5D /* BottomColorSheet.swift in Sources */,
			);
			runOnlyForDeploymentPostprocessing = 0;
		};
/* End PBXSourcesBuildPhase section */

/* Begin PBXTargetDependency section */
		E7BDC7241EAE5A3600667DC4 /* PBXTargetDependency */ = {
			isa = PBXTargetDependency;
			name = "Pods-defaults-CambrianDemo";
			targetProxy = E7BDC7231EAE5A3600667DC4 /* PBXContainerItemProxy */;
		};
/* End PBXTargetDependency section */

/* Begin XCBuildConfiguration section */
		7C3218F61E858C0000BC7D5D /* Debug */ = {
			isa = XCBuildConfiguration;
			baseConfigurationReference = 5FAD98F3AE6A0987CBBD9838 /* Pods-defaults-CambrianDemo.debug.xcconfig */;
			buildSettings = {
				ASSETCATALOG_COMPILER_APPICON_NAME = AppIcon;
				CODE_SIGN_IDENTITY = "iPhone Developer: Mark Becker (Z77MPRNW65)";
				"CODE_SIGN_IDENTITY[sdk=iphoneos*]" = "iPhone Developer";
				DEVELOPMENT_TEAM = 487F34SCQ8;
				FRAMEWORK_SEARCH_PATHS = (
					"$(inherited)",
					"$(PROJECT_DIR)",
				);
				GCC_PREPROCESSOR_DEFINITIONS = (
					"$(inherited)",
					"COCOAPODS=1",
					"IS_DEMO=1",
				);
				INFOPLIST_FILE = "App/CambrianSDK-Info.plist";
				IPHONEOS_DEPLOYMENT_TARGET = 10.0;
				LD_RUNPATH_SEARCH_PATHS = "$(inherited) @executable_path/Frameworks";
				ONLY_ACTIVE_ARCH = YES;
				PRODUCT_BUNDLE_IDENTIFIER = com.cambriantech.SDKDemo;
				PRODUCT_NAME = "$(TARGET_NAME)";
				PROVISIONING_PROFILE = "";
				PROVISIONING_PROFILE_SPECIFIER = "";
				SWIFT_OBJC_BRIDGING_HEADER = "App/CambrianDemo-Bridging-Header.h";
				SWIFT_VERSION = 3.0;
			};
			name = Debug;
		};
		7C3218F71E858C0000BC7D5D /* Release */ = {
			isa = XCBuildConfiguration;
			baseConfigurationReference = B452ADF05AF7B8B3467E701C /* Pods-defaults-CambrianDemo.release.xcconfig */;
			buildSettings = {
				ASSETCATALOG_COMPILER_APPICON_NAME = AppIcon;
				CODE_SIGN_IDENTITY = "iPhone Developer: Mark Becker (Z77MPRNW65)";
				"CODE_SIGN_IDENTITY[sdk=iphoneos*]" = "iPhone Developer";
				DEVELOPMENT_TEAM = 487F34SCQ8;
				FRAMEWORK_SEARCH_PATHS = (
					"$(inherited)",
					"$(PROJECT_DIR)",
				);
				GCC_PREPROCESSOR_DEFINITIONS = (
					"$(inherited)",
					"COCOAPODS=1",
					"IS_DEMO=1",
				);
				INFOPLIST_FILE = "App/CambrianSDK-Info.plist";
				IPHONEOS_DEPLOYMENT_TARGET = 10.0;
				LD_RUNPATH_SEARCH_PATHS = "$(inherited) @executable_path/Frameworks";
				ONLY_ACTIVE_ARCH = YES;
				PRODUCT_BUNDLE_IDENTIFIER = com.cambriantech.SDKDemo;
				PRODUCT_NAME = "$(TARGET_NAME)";
				PROVISIONING_PROFILE = "";
				PROVISIONING_PROFILE_SPECIFIER = "";
				SWIFT_OBJC_BRIDGING_HEADER = "App/CambrianDemo-Bridging-Header.h";
				SWIFT_VERSION = 3.0;
			};
			name = Release;
		};
		E79489E21D02368A006FA93A /* Debug */ = {
			isa = XCBuildConfiguration;
			buildSettings = {
				ALWAYS_SEARCH_USER_PATHS = NO;
				CLANG_ANALYZER_NONNULL = YES;
				CLANG_CXX_LANGUAGE_STANDARD = "gnu++0x";
				CLANG_CXX_LIBRARY = "libc++";
				CLANG_ENABLE_MODULES = YES;
				CLANG_ENABLE_OBJC_ARC = YES;
				CLANG_WARN_BOOL_CONVERSION = YES;
				CLANG_WARN_CONSTANT_CONVERSION = YES;
				CLANG_WARN_DIRECT_OBJC_ISA_USAGE = YES_ERROR;
				CLANG_WARN_EMPTY_BODY = YES;
				CLANG_WARN_ENUM_CONVERSION = YES;
				CLANG_WARN_INFINITE_RECURSION = YES;
				CLANG_WARN_INT_CONVERSION = YES;
				CLANG_WARN_OBJC_ROOT_CLASS = YES_ERROR;
				CLANG_WARN_SUSPICIOUS_MOVE = YES;
				CLANG_WARN_UNREACHABLE_CODE = YES;
				CLANG_WARN__DUPLICATE_METHOD_MATCH = YES;
				"CODE_SIGN_IDENTITY[sdk=iphoneos*]" = "iPhone Developer";
				COPY_PHASE_STRIP = NO;
				DEBUG_INFORMATION_FORMAT = dwarf;
				ENABLE_STRICT_OBJC_MSGSEND = YES;
				ENABLE_TESTABILITY = YES;
				GCC_C_LANGUAGE_STANDARD = gnu99;
				GCC_DYNAMIC_NO_PIC = NO;
				GCC_NO_COMMON_BLOCKS = YES;
				GCC_OPTIMIZATION_LEVEL = 0;
				GCC_PREPROCESSOR_DEFINITIONS = (
					"DEBUG=1",
					"$(inherited)",
				);
				GCC_WARN_64_TO_32_BIT_CONVERSION = YES;
				GCC_WARN_ABOUT_RETURN_TYPE = YES_ERROR;
				GCC_WARN_UNDECLARED_SELECTOR = YES;
				GCC_WARN_UNINITIALIZED_AUTOS = YES_AGGRESSIVE;
				GCC_WARN_UNUSED_FUNCTION = YES;
				GCC_WARN_UNUSED_LABEL = YES;
				GCC_WARN_UNUSED_PARAMETER = YES;
				GCC_WARN_UNUSED_VARIABLE = YES;
				INFOPLIST_FILE = App/Info.plist;
				IPHONEOS_DEPLOYMENT_TARGET = 10.0;
				MTL_ENABLE_DEBUG_INFO = YES;
				ONLY_ACTIVE_ARCH = YES;
				PRODUCT_BUNDLE_IDENTIFIER = "$(PRODUCT_BUNDLE_IDENTIFIER)";
				SDKROOT = iphoneos;
				SWIFT_OBJC_BRIDGING_HEADER = "App/CambrianDemo-Bridging-Header.h";
				SWIFT_OPTIMIZATION_LEVEL = "-Onone";
				SWIFT_VERSION = 3.0;
				TARGETED_DEVICE_FAMILY = "1,2";
			};
			name = Debug;
		};
		E79489E31D02368A006FA93A /* Release */ = {
			isa = XCBuildConfiguration;
			buildSettings = {
				ALWAYS_SEARCH_USER_PATHS = NO;
				CLANG_ANALYZER_NONNULL = YES;
				CLANG_CXX_LANGUAGE_STANDARD = "gnu++0x";
				CLANG_CXX_LIBRARY = "libc++";
				CLANG_ENABLE_MODULES = YES;
				CLANG_ENABLE_OBJC_ARC = YES;
				CLANG_WARN_BOOL_CONVERSION = YES;
				CLANG_WARN_CONSTANT_CONVERSION = YES;
				CLANG_WARN_DIRECT_OBJC_ISA_USAGE = YES_ERROR;
				CLANG_WARN_EMPTY_BODY = YES;
				CLANG_WARN_ENUM_CONVERSION = YES;
				CLANG_WARN_INFINITE_RECURSION = YES;
				CLANG_WARN_INT_CONVERSION = YES;
				CLANG_WARN_OBJC_ROOT_CLASS = YES_ERROR;
				CLANG_WARN_SUSPICIOUS_MOVE = YES;
				CLANG_WARN_UNREACHABLE_CODE = YES;
				CLANG_WARN__DUPLICATE_METHOD_MATCH = YES;
				"CODE_SIGN_IDENTITY[sdk=iphoneos*]" = "iPhone Developer";
				COPY_PHASE_STRIP = NO;
				DEBUG_INFORMATION_FORMAT = "dwarf-with-dsym";
				ENABLE_NS_ASSERTIONS = NO;
				ENABLE_STRICT_OBJC_MSGSEND = YES;
				GCC_C_LANGUAGE_STANDARD = gnu99;
				GCC_NO_COMMON_BLOCKS = YES;
				GCC_WARN_64_TO_32_BIT_CONVERSION = YES;
				GCC_WARN_ABOUT_RETURN_TYPE = YES_ERROR;
				GCC_WARN_UNDECLARED_SELECTOR = YES;
				GCC_WARN_UNINITIALIZED_AUTOS = YES_AGGRESSIVE;
				GCC_WARN_UNUSED_FUNCTION = YES;
				GCC_WARN_UNUSED_LABEL = YES;
				GCC_WARN_UNUSED_PARAMETER = YES;
				GCC_WARN_UNUSED_VARIABLE = YES;
				INFOPLIST_FILE = App/Info.plist;
				IPHONEOS_DEPLOYMENT_TARGET = 10.0;
				MTL_ENABLE_DEBUG_INFO = NO;
				PRODUCT_BUNDLE_IDENTIFIER = "$(PRODUCT_BUNDLE_IDENTIFIER)";
				SDKROOT = iphoneos;
				SWIFT_OBJC_BRIDGING_HEADER = "App/CambrianDemo-Bridging-Header.h";
				SWIFT_OPTIMIZATION_LEVEL = "-Owholemodule";
				SWIFT_VERSION = 3.0;
				TARGETED_DEVICE_FAMILY = "1,2";
				VALIDATE_PRODUCT = YES;
			};
			name = Release;
		};
/* End XCBuildConfiguration section */

/* Begin XCConfigurationList section */
		7C3218F51E858C0000BC7D5D /* Build configuration list for PBXNativeTarget "CambrianDemo" */ = {
			isa = XCConfigurationList;
			buildConfigurations = (
				7C3218F61E858C0000BC7D5D /* Debug */,
				7C3218F71E858C0000BC7D5D /* Release */,
			);
			defaultConfigurationIsVisible = 0;
			defaultConfigurationName = Release;
		};
		E79489CD1D02368A006FA93A /* Build configuration list for PBXProject "CambrianDemo" */ = {
			isa = XCConfigurationList;
			buildConfigurations = (
				E79489E21D02368A006FA93A /* Debug */,
				E79489E31D02368A006FA93A /* Release */,
			);
			defaultConfigurationIsVisible = 0;
			defaultConfigurationName = Release;
		};
/* End XCConfigurationList section */
	};
	rootObject = E79489CA1D02368A006FA93A /* Project object */;
}
